
Microsoft Visual Studio Solution File, Format Version 12.00
# Visual Studio Version 17
VisualStudioVersion = 17.4.33213.308
MinimumVisualStudioVersion = 10.0.40219.1
Project("{FAE04EC0-301F-11D3-BF4B-00C04F79EFBC}") = "Divisible", "Divisible\Divisible.csproj", "{42E5A2B2-4967-4785-B682-324EAE962F9C}"
EndProject
Global
	GlobalSection(SolutionConfigurationPlatforms) = preSolution
		Debug|Any CPU = Debug|Any CPU
		Release|Any CPU = Release|Any CPU
	EndGlobalSection
	GlobalSection(ProjectConfigurationPlatforms) = postSolution
		{42E5A2B2-4967-4785-B682-324EAE962F9C}.Debug|Any CPU.ActiveCfg = Debug|Any CPU
		{42E5A2B2-4967-4785-B682-324EAE962F9C}.Debug|Any CPU.Build.0 = Debug|Any CPU
		{42E5A2B2-4967-4785-B682-324EAE962F9C}.Release|Any CPU.ActiveCfg = Release|Any CPU
		{42E5A2B2-4967-4785-B682-324EAE962F9C}.Release|Any CPU.Build.0 = Release|Any CPU
	EndGlobalSection
	GlobalSection(SolutionProperties) = preSolution
		HideSolutionNode = FALSE
	EndGlobalSection
	GlobalSection(ExtensibilityGlobals) = postSolution
		SolutionGuid = {B470A089-6852-48A2-9B28-0B2E384D06B3}
	EndGlobalSection
EndGlobal
